{
  "originHash" : "a18c6431bdcaa4d8dae038c7706267d7491128fcee7a4426556864af2d393974",
  "pins" : [
    {
      "identity" : "bencodekit",
      "kind" : "remoteSourceControl",
      "location" : "https://github.com/Samasaur1/BencodeKit",
      "state" : {
        "branch" : "main",
        "revision" : "d4706bc2373c439912b68e29ff9805fd62a2e566"
      }
    }
  ],
  "version" : 3
}
